
Microsoft Visual Studio Solution File, Format Version 12.00
# Visual Studio 2012
Project("{8BC9CEB8-8B4A-11D0-8D11-00A0C91BC942}") = "RamJamEngine", "RamJamEngine\RamJamEngine.vcxproj", "{0E83F695-FD87-43B6-97F0-C7A722931AD3}"
	ProjectSection(ProjectDependencies) = postProject
		{13F13742-78FF-4E03-9D02-45008C905A79} = {13F13742-78FF-4E03-9D02-45008C905A79}
		{253AEB58-C8B6-46A0-9CBB-91BE5F80B2D1} = {253AEB58-C8B6-46A0-9CBB-91BE5F80B2D1}
		{84DC8F89-991C-4A58-8146-94D1791EBC60} = {84DC8F89-991C-4A58-8146-94D1791EBC60}
		{A4543D9C-EF5D-4D9B-B966-9F4BF1B81B76} = {A4543D9C-EF5D-4D9B-B966-9F4BF1B81B76}
	EndProjectSection
EndProject
Project("{8BC9CEB8-8B4A-11D0-8D11-00A0C91BC942}") = "AssetImporter", "..\AssetImporter\AssetImporter.vcxproj", "{FF0BB09B-4415-41F4-A37B-1AB4F0987AED}"
EndProject
Project("{8BC9CEB8-8B4A-11D0-8D11-00A0C91BC942}") = "RamJamEngine_Math", "..\RamJamEngine_Math\RamJamEngine_Math.vcxproj", "{84DC8F89-991C-4A58-8146-94D1791EBC60}"
	ProjectSection(ProjectDependencies) = postProject
		{A4543D9C-EF5D-4D9B-B966-9F4BF1B81B76} = {A4543D9C-EF5D-4D9B-B966-9F4BF1B81B76}
	EndProjectSection
EndProject
Project("{8BC9CEB8-8B4A-11D0-8D11-00A0C91BC942}") = "RamJamEngine_Tools", "..\RamJamEngine_Tools\RamJamEngine_Tools.vcxproj", "{A4543D9C-EF5D-4D9B-B966-9F4BF1B81B76}"
EndProject
Project("{8BC9CEB8-8B4A-11D0-8D11-00A0C91BC942}") = "RenderAPI_DX11", "..\RenderAPI_DX11\RenderAPI_DX11.vcxproj", "{13F13742-78FF-4E03-9D02-45008C905A79}"
	ProjectSection(ProjectDependencies) = postProject
		{84DC8F89-991C-4A58-8146-94D1791EBC60} = {84DC8F89-991C-4A58-8146-94D1791EBC60}
		{A4543D9C-EF5D-4D9B-B966-9F4BF1B81B76} = {A4543D9C-EF5D-4D9B-B966-9F4BF1B81B76}
		{371B9FA9-4C90-4AC6-A123-ACED756D6C77} = {371B9FA9-4C90-4AC6-A123-ACED756D6C77}
		{DF460EAB-570D-4B50-9089-2E2FC801BF38} = {DF460EAB-570D-4B50-9089-2E2FC801BF38}
	EndProjectSection
EndProject
Project("{8BC9CEB8-8B4A-11D0-8D11-00A0C91BC942}") = "RenderAPI_OGL4", "..\RenderAPI_OGL4\RenderAPI_OGL4.vcxproj", "{253AEB58-C8B6-46A0-9CBB-91BE5F80B2D1}"
	ProjectSection(ProjectDependencies) = postProject
		{84DC8F89-991C-4A58-8146-94D1791EBC60} = {84DC8F89-991C-4A58-8146-94D1791EBC60}
		{A4543D9C-EF5D-4D9B-B966-9F4BF1B81B76} = {A4543D9C-EF5D-4D9B-B966-9F4BF1B81B76}
	EndProjectSection
EndProject
Project("{8BC9CEB8-8B4A-11D0-8D11-00A0C91BC942}") = "Effects11", "..\Effects11\Effects11_2012.vcxproj", "{DF460EAB-570D-4B50-9089-2E2FC801BF38}"
EndProject
Project("{8BC9CEB8-8B4A-11D0-8D11-00A0C91BC942}") = "DirectXTex", "..\DirectXTex\DirectXTex_Desktop_2012.vcxproj", "{371B9FA9-4C90-4AC6-A123-ACED756D6C77}"
EndProject
Project("{8BC9CEB8-8B4A-11D0-8D11-00A0C91BC942}") = "AssetImporterLib", "..\AssetImporterLib\workspaces\vc9\assimp.vcxproj", "{5691E159-2D9B-407F-971F-EA5C592DC524}"
EndProject
Global
	GlobalSection(SolutionConfigurationPlatforms) = preSolution
		Debug|x64 = Debug|x64
		Release|x64 = Release|x64
	EndGlobalSection
	GlobalSection(ProjectConfigurationPlatforms) = postSolution
		{0E83F695-FD87-43B6-97F0-C7A722931AD3}.Debug|x64.ActiveCfg = Debug|x64
		{0E83F695-FD87-43B6-97F0-C7A722931AD3}.Debug|x64.Build.0 = Debug|x64
		{0E83F695-FD87-43B6-97F0-C7A722931AD3}.Release|x64.ActiveCfg = Release|x64
		{0E83F695-FD87-43B6-97F0-C7A722931AD3}.Release|x64.Build.0 = Release|x64
		{FF0BB09B-4415-41F4-A37B-1AB4F0987AED}.Debug|x64.ActiveCfg = Debug|x64
		{FF0BB09B-4415-41F4-A37B-1AB4F0987AED}.Debug|x64.Build.0 = Debug|x64
		{FF0BB09B-4415-41F4-A37B-1AB4F0987AED}.Release|x64.ActiveCfg = Release|x64
		{FF0BB09B-4415-41F4-A37B-1AB4F0987AED}.Release|x64.Build.0 = Release|x64
		{84DC8F89-991C-4A58-8146-94D1791EBC60}.Debug|x64.ActiveCfg = Debug|x64
		{84DC8F89-991C-4A58-8146-94D1791EBC60}.Debug|x64.Build.0 = Debug|x64
		{84DC8F89-991C-4A58-8146-94D1791EBC60}.Release|x64.ActiveCfg = Release|x64
		{84DC8F89-991C-4A58-8146-94D1791EBC60}.Release|x64.Build.0 = Release|x64
		{A4543D9C-EF5D-4D9B-B966-9F4BF1B81B76}.Debug|x64.ActiveCfg = Debug|x64
		{A4543D9C-EF5D-4D9B-B966-9F4BF1B81B76}.Debug|x64.Build.0 = Debug|x64
		{A4543D9C-EF5D-4D9B-B966-9F4BF1B81B76}.Release|x64.ActiveCfg = Release|x64
		{A4543D9C-EF5D-4D9B-B966-9F4BF1B81B76}.Release|x64.Build.0 = Release|x64
		{13F13742-78FF-4E03-9D02-45008C905A79}.Debug|x64.ActiveCfg = Debug|x64
		{13F13742-78FF-4E03-9D02-45008C905A79}.Debug|x64.Build.0 = Debug|x64
		{13F13742-78FF-4E03-9D02-45008C905A79}.Release|x64.ActiveCfg = Release|x64
		{13F13742-78FF-4E03-9D02-45008C905A79}.Release|x64.Build.0 = Release|x64
		{253AEB58-C8B6-46A0-9CBB-91BE5F80B2D1}.Debug|x64.ActiveCfg = Debug|x64
		{253AEB58-C8B6-46A0-9CBB-91BE5F80B2D1}.Debug|x64.Build.0 = Debug|x64
		{253AEB58-C8B6-46A0-9CBB-91BE5F80B2D1}.Release|x64.ActiveCfg = Release|x64
		{253AEB58-C8B6-46A0-9CBB-91BE5F80B2D1}.Release|x64.Build.0 = Release|x64
		{DF460EAB-570D-4B50-9089-2E2FC801BF38}.Debug|x64.ActiveCfg = Debug|x64
		{DF460EAB-570D-4B50-9089-2E2FC801BF38}.Debug|x64.Build.0 = Debug|x64
		{DF460EAB-570D-4B50-9089-2E2FC801BF38}.Release|x64.ActiveCfg = Release|x64
		{DF460EAB-570D-4B50-9089-2E2FC801BF38}.Release|x64.Build.0 = Release|x64
		{371B9FA9-4C90-4AC6-A123-ACED756D6C77}.Debug|x64.ActiveCfg = Debug|x64
		{371B9FA9-4C90-4AC6-A123-ACED756D6C77}.Debug|x64.Build.0 = Debug|x64
		{371B9FA9-4C90-4AC6-A123-ACED756D6C77}.Release|x64.ActiveCfg = Release|x64
		{371B9FA9-4C90-4AC6-A123-ACED756D6C77}.Release|x64.Build.0 = Release|x64
		{5691E159-2D9B-407F-971F-EA5C592DC524}.Debug|x64.ActiveCfg = Debug|x64
		{5691E159-2D9B-407F-971F-EA5C592DC524}.Debug|x64.Build.0 = Debug|x64
		{5691E159-2D9B-407F-971F-EA5C592DC524}.Release|x64.ActiveCfg = Release|x64
		{5691E159-2D9B-407F-971F-EA5C592DC524}.Release|x64.Build.0 = Release|x64
	EndGlobalSection
	GlobalSection(SolutionProperties) = preSolution
		HideSolutionNode = FALSE
	EndGlobalSection
EndGlobal
