<?xml version="1.0" encoding="utf-8"?>
<Project ToolsVersion="4.0" xmlns="http://schemas.microsoft.com/developer/msbuild/2003">
  <ItemGroup>
    <Filter Include="Source Files">
      <UniqueIdentifier>{4FC737F1-C7A5-4376-A066-2A32D752A2FF}</UniqueIdentifier>
      <Extensions>cpp;c;cc;cxx;def;odl;idl;hpj;bat;asm;asmx</Extensions>
    </Filter>
    <Filter Include="Header Files">
      <UniqueIdentifier>{93995380-89BD-4b04-88EB-625FBE52EBFB}</UniqueIdentifier>
      <Extensions>h;hpp;hxx;hm;inl;inc;xsd</Extensions>
    </Filter>
    <Filter Include="Resource Files">
      <UniqueIdentifier>{67DA6AB6-F800-4c08-8B7A-83BB121AAD01}</UniqueIdentifier>
      <Extensions>rc;ico;cur;bmp;dlg;rc2;rct;bin;rgs;gif;jpg;jpeg;jpe;resx;tiff;tif;png;wav;mfcribbon-ms</Extensions>
    </Filter>
    <Filter Include="Resource Files\Models">
      <UniqueIdentifier>{8d619102-e8ff-48b1-8d63-2b26a5d077f1}</UniqueIdentifier>
    </Filter>
    <Filter Include="Resource Files\Textures">
      <UniqueIdentifier>{98cf6776-5712-4728-bb56-b0b060855913}</UniqueIdentifier>
    </Filter>
    <Filter Include="Header Files\RJE_Graphic">
      <UniqueIdentifier>{6af15578-1565-4af3-a659-1600bb6f85ba}</UniqueIdentifier>
    </Filter>
    <Filter Include="Resource Files\Config Files">
      <UniqueIdentifier>{e318fc04-a816-474f-9c72-a471a2f9c99a}</UniqueIdentifier>
    </Filter>
  </ItemGroup>
  <ItemGroup>
    <Text Include="ReadMe.txt" />
  </ItemGroup>
  <ItemGroup>
    <ClInclude Include="..\include\System.h">
      <Filter>Header Files</Filter>
    </ClInclude>
    <ClInclude Include="..\include\stdafx.h">
      <Filter>Header Files</Filter>
    </ClInclude>
    <ClInclude Include="..\include\targetver.h">
      <Filter>Header Files</Filter>
    </ClInclude>
    <ClInclude Include="..\include\Resource.h">
      <Filter>Header Files</Filter>
    </ClInclude>
    <ClInclude Include="..\include\RjeConfig.h">
      <Filter>Header Files</Filter>
    </ClInclude>
    <ClInclude Include="..\include\GraphicAPI.h">
      <Filter>Header Files\RJE_Graphic</Filter>
    </ClInclude>
  </ItemGroup>
  <ItemGroup>
    <ClCompile Include="..\src\System.cpp">
      <Filter>Source Files</Filter>
    </ClCompile>
    <ClCompile Include="..\src\main.cpp">
      <Filter>Source Files</Filter>
    </ClCompile>
    <ClCompile Include="..\src\stdafx.cpp">
      <Filter>Source Files</Filter>
    </ClCompile>
  </ItemGroup>
  <ItemGroup>
    <Image Include="small.ico">
      <Filter>Resource Files</Filter>
    </Image>
    <Image Include="RamJamEngine.ico">
      <Filter>Resource Files</Filter>
    </Image>
    <Image Include="..\data\textures\metal_texture.dds">
      <Filter>Resource Files\Textures</Filter>
    </Image>
    <Image Include="..\data\textures\seafloor.dds">
      <Filter>Resource Files\Textures</Filter>
    </Image>
    <Image Include="..\data\textures\bricks.dds">
      <Filter>Resource Files\Textures</Filter>
    </Image>
    <Image Include="..\data\textures\floor.dds">
      <Filter>Resource Files\Textures</Filter>
    </Image>
    <Image Include="..\data\textures\stone.dds">
      <Filter>Resource Files\Textures</Filter>
    </Image>
    <Image Include="..\data\textures\flarealpha.dds">
      <Filter>Resource Files\Textures</Filter>
    </Image>
    <Image Include="..\data\textures\grass.dds">
      <Filter>Resource Files\Textures</Filter>
    </Image>
    <Image Include="..\data\textures\gray.dds">
      <Filter>Resource Files\Textures</Filter>
    </Image>
    <Image Include="..\data\textures\mipmaps.dds">
      <Filter>Resource Files\Textures</Filter>
    </Image>
    <Image Include="..\data\textures\sand.dds">
      <Filter>Resource Files\Textures</Filter>
    </Image>
    <Image Include="..\data\textures\terrainHeightmap.dds">
      <Filter>Resource Files\Textures</Filter>
    </Image>
    <Image Include="..\data\textures\water1.dds">
      <Filter>Resource Files\Textures</Filter>
    </Image>
    <Image Include="..\data\textures\water2.dds">
      <Filter>Resource Files\Textures</Filter>
    </Image>
    <Image Include="..\data\textures\WoodCrate01.dds">
      <Filter>Resource Files\Textures</Filter>
    </Image>
    <Image Include="..\data\textures\WoodCrate02.dds">
      <Filter>Resource Files\Textures</Filter>
    </Image>
    <Image Include="..\data\textures\WireFence.dds">
      <Filter>Resource Files\Textures</Filter>
    </Image>
  </ItemGroup>
  <ItemGroup>
    <None Include="..\data\models\dragon.mesh">
      <Filter>Resource Files\Models</Filter>
    </None>
    <None Include="..\data\models\sphere.mesh">
      <Filter>Resource Files\Models</Filter>
    </None>
    <None Include="..\data\Config.ini">
      <Filter>Resource Files\Config Files</Filter>
    </None>
    <None Include="..\data\Resources.ini">
      <Filter>Resource Files\Config Files</Filter>
    </None>
  </ItemGroup>
  <ItemGroup>
    <ResourceCompile Include="..\include\RamJamEngine.rc">
      <Filter>Resource Files</Filter>
    </ResourceCompile>
  </ItemGroup>
</Project>