<?xml version="1.0" encoding="utf-8"?>
<Project ToolsVersion="4.0" xmlns="http://schemas.microsoft.com/developer/msbuild/2003">
  <ItemGroup>
    <Filter Include="include">
      <UniqueIdentifier>{35cbd889-f8aa-4bd8-b923-d2eca7ee1e46}</UniqueIdentifier>
    </Filter>
    <Filter Include="include\Compiler">
      <UniqueIdentifier>{e4d51efd-b4cb-4dbe-8039-39be90997a5e}</UniqueIdentifier>
    </Filter>
    <Filter Include="include\C++">
      <UniqueIdentifier>{c26a3090-9cec-46da-a3a1-f6396e84d1b2}</UniqueIdentifier>
    </Filter>
    <Filter Include="include\C">
      <UniqueIdentifier>{5580dc54-675e-4f0e-80c2-7b53e2ff2968}</UniqueIdentifier>
    </Filter>
    <Filter Include="include\Common">
      <UniqueIdentifier>{d44ce842-2575-4145-9fb3-484abadeb0ad}</UniqueIdentifier>
    </Filter>
    <Filter Include="sources">
      <UniqueIdentifier>{a5dca34a-2986-4ab8-96dd-5d6ce3252dbb}</UniqueIdentifier>
    </Filter>
    <Filter Include="sources\importers">
      <UniqueIdentifier>{6a9de311-cd6a-474e-9c0b-587473eb9f4b}</UniqueIdentifier>
    </Filter>
    <Filter Include="sources\importers\3ds">
      <UniqueIdentifier>{abdb0d04-6c91-4a0a-9c78-2e2e496d1eb4}</UniqueIdentifier>
    </Filter>
    <Filter Include="sources\importers\ase">
      <UniqueIdentifier>{9d613a9a-445b-470a-9ab5-7c1a80f91a42}</UniqueIdentifier>
    </Filter>
    <Filter Include="sources\importers\hmp">
      <UniqueIdentifier>{3c23f992-afdd-4e57-9a35-9b4a21132fb5}</UniqueIdentifier>
    </Filter>
    <Filter Include="sources\importers\lwo">
      <UniqueIdentifier>{e1014ba0-5a3a-423c-97d9-310817a5658d}</UniqueIdentifier>
    </Filter>
    <Filter Include="sources\importers\md3">
      <UniqueIdentifier>{976dca7e-a1de-4435-ba3d-92f3770e9c87}</UniqueIdentifier>
    </Filter>
    <Filter Include="sources\importers\md5">
      <UniqueIdentifier>{b8cb4f21-8115-4368-a743-8dcc694a3aba}</UniqueIdentifier>
    </Filter>
    <Filter Include="sources\importers\mdc">
      <UniqueIdentifier>{52cd809e-9520-4aaf-8173-44cb61bbd1f3}</UniqueIdentifier>
    </Filter>
    <Filter Include="sources\importers\mdl">
      <UniqueIdentifier>{3909fa38-d0dd-4fbf-b563-b2ae8faa3d62}</UniqueIdentifier>
    </Filter>
    <Filter Include="sources\importers\obj">
      <UniqueIdentifier>{be3165ed-09cc-4c6e-a252-86ce36ef6518}</UniqueIdentifier>
    </Filter>
    <Filter Include="sources\importers\ply">
      <UniqueIdentifier>{dd6fafac-6a9c-41ce-8248-c445d9fb536b}</UniqueIdentifier>
    </Filter>
    <Filter Include="sources\importers\smd">
      <UniqueIdentifier>{e0e0a7e2-154b-4fa0-a35b-38a8bb848401}</UniqueIdentifier>
    </Filter>
    <Filter Include="sources\importers\stl">
      <UniqueIdentifier>{1719f246-5d43-484e-a2c5-9ecfc011d758}</UniqueIdentifier>
    </Filter>
    <Filter Include="sources\importers\x">
      <UniqueIdentifier>{256486ba-88ca-4ccb-a973-14a8a62230af}</UniqueIdentifier>
    </Filter>
    <Filter Include="sources\importers\dxf">
      <UniqueIdentifier>{9d40821c-d57d-4b57-9e7a-ac55a4f715f7}</UniqueIdentifier>
    </Filter>
    <Filter Include="sources\importers\raw">
      <UniqueIdentifier>{ceb40140-bb42-49db-90db-65388e2db7aa}</UniqueIdentifier>
    </Filter>
    <Filter Include="sources\importers\nff">
      <UniqueIdentifier>{e02126f5-b400-4bea-9068-61e04375fc9f}</UniqueIdentifier>
    </Filter>
    <Filter Include="sources\importers\off">
      <UniqueIdentifier>{1ba07743-b53f-4cab-b966-52bf5e78c1b7}</UniqueIdentifier>
    </Filter>
    <Filter Include="sources\importers\ac">
      <UniqueIdentifier>{17430548-16d4-4d13-a784-a138feedfd98}</UniqueIdentifier>
    </Filter>
    <Filter Include="sources\importers\lws">
      <UniqueIdentifier>{34917d87-ec84-4cbc-8279-985c47ec4c04}</UniqueIdentifier>
    </Filter>
    <Filter Include="sources\importers\bvh">
      <UniqueIdentifier>{f03356ff-78ba-4abc-9f06-a8330c357f8c}</UniqueIdentifier>
    </Filter>
    <Filter Include="sources\importers\irrmesh">
      <UniqueIdentifier>{83cca4ff-3252-4b86-b370-1de1ca8c50a2}</UniqueIdentifier>
    </Filter>
    <Filter Include="sources\importers\irr">
      <UniqueIdentifier>{f2bcfd9b-f172-4456-abee-d53c49a3cddf}</UniqueIdentifier>
    </Filter>
    <Filter Include="sources\importers\q3d">
      <UniqueIdentifier>{312904a8-7ea2-4dab-b8bb-553baa0585fd}</UniqueIdentifier>
    </Filter>
    <Filter Include="sources\importers\b3d">
      <UniqueIdentifier>{7a0ee112-df01-4c7d-9946-cdaf67ceabf3}</UniqueIdentifier>
    </Filter>
    <Filter Include="sources\importers\collada">
      <UniqueIdentifier>{5351c8f1-2a77-4807-be9f-9c22e3789515}</UniqueIdentifier>
    </Filter>
    <Filter Include="sources\importers\ter">
      <UniqueIdentifier>{67fda045-32ad-4653-8df0-84dc879c45a3}</UniqueIdentifier>
    </Filter>
    <Filter Include="sources\importers\csm">
      <UniqueIdentifier>{405d00fc-4223-43c9-a459-7fa40211180b}</UniqueIdentifier>
    </Filter>
    <Filter Include="sources\importers\unreal">
      <UniqueIdentifier>{774002f1-a96d-445c-ad53-759c87935d8b}</UniqueIdentifier>
    </Filter>
    <Filter Include="sources\importers\ndo">
      <UniqueIdentifier>{f6c7f62b-8f9b-4f49-9bc5-a66475b2fcde}</UniqueIdentifier>
    </Filter>
    <Filter Include="sources\importers\ogre">
      <UniqueIdentifier>{f7cad415-f1db-4a5f-9b27-9c64854d2677}</UniqueIdentifier>
    </Filter>
    <Filter Include="sources\importers\ms3d">
      <UniqueIdentifier>{d5cb0382-c89e-4c0f-8341-cfb9ccf211db}</UniqueIdentifier>
    </Filter>
    <Filter Include="sources\importers\cob">
      <UniqueIdentifier>{51a8c030-34b3-4e76-bbe0-c11c4e1cc70d}</UniqueIdentifier>
    </Filter>
    <Filter Include="sources\importers\blend">
      <UniqueIdentifier>{bc9f24bc-a644-4d96-b606-8b0bded1cd69}</UniqueIdentifier>
    </Filter>
    <Filter Include="sources\importers\q3bsp">
      <UniqueIdentifier>{507987c4-8f5a-4c3f-88e2-efe74b71bccb}</UniqueIdentifier>
    </Filter>
    <Filter Include="sources\importers\md2">
      <UniqueIdentifier>{ad5fb039-d942-4e4f-8263-65e8f54b4f98}</UniqueIdentifier>
    </Filter>
    <Filter Include="sources\importers\ifc">
      <UniqueIdentifier>{81b3c68d-157a-4524-8656-6fa49ca7733c}</UniqueIdentifier>
    </Filter>
    <Filter Include="sources\importers\m3">
      <UniqueIdentifier>{b4de0f9d-f97d-47db-880d-8730edef8154}</UniqueIdentifier>
    </Filter>
    <Filter Include="sources\importers\xgl">
      <UniqueIdentifier>{72063a5d-55c5-4e95-813e-ab92ada93019}</UniqueIdentifier>
    </Filter>
    <Filter Include="sources\postprocessing">
      <UniqueIdentifier>{a10e47bb-73fe-4d08-ba68-e0dd96e15e7c}</UniqueIdentifier>
    </Filter>
    <Filter Include="sources\core">
      <UniqueIdentifier>{04b4d083-4789-4008-a130-dae201116475}</UniqueIdentifier>
    </Filter>
    <Filter Include="sources\logging">
      <UniqueIdentifier>{9add6ef2-c628-49f9-84ca-74fe6f1df2f1}</UniqueIdentifier>
    </Filter>
    <Filter Include="sources\filesystem">
      <UniqueIdentifier>{360698b5-6077-4362-a23f-871c031e032a}</UniqueIdentifier>
    </Filter>
    <Filter Include="sources\core_import">
      <UniqueIdentifier>{c385a4a2-7269-4a48-99bc-29aacbdc4954}</UniqueIdentifier>
    </Filter>
    <Filter Include="sources\extern">
      <UniqueIdentifier>{4f267787-3749-4c65-ac80-7ad9438f0275}</UniqueIdentifier>
    </Filter>
    <Filter Include="sources\extern\irrXML">
      <UniqueIdentifier>{d9e8abd7-1eaf-4b8f-bfef-73a2946417c0}</UniqueIdentifier>
    </Filter>
    <Filter Include="sources\extern\zLib">
      <UniqueIdentifier>{03e24bd4-3369-4960-9d08-38aadc71fe8a}</UniqueIdentifier>
    </Filter>
    <Filter Include="sources\extern\ConvertUTF">
      <UniqueIdentifier>{429bc4af-7682-4f1f-beb3-36823f62dfd7}</UniqueIdentifier>
    </Filter>
    <Filter Include="sources\extern\poly2tri">
      <UniqueIdentifier>{f1a5b793-53df-4012-9035-0dc6cb502c61}</UniqueIdentifier>
    </Filter>
    <Filter Include="sources\extern\clipper">
      <UniqueIdentifier>{5d401fcf-9756-4b89-be8b-5191bd8a7294}</UniqueIdentifier>
    </Filter>
    <Filter Include="sources\noboost">
      <UniqueIdentifier>{cec793db-551e-40c1-bcd6-a0f6c0489914}</UniqueIdentifier>
    </Filter>
    <Filter Include="sources\noboost\tuple">
      <UniqueIdentifier>{a3cc983a-d801-41a3-9623-321e3c087d29}</UniqueIdentifier>
    </Filter>
    <Filter Include="sources\noboost\math">
      <UniqueIdentifier>{a76a4670-2af1-410a-80dc-04184b61a071}</UniqueIdentifier>
    </Filter>
    <Filter Include="sources\core_export">
      <UniqueIdentifier>{eed3c393-4b95-4b0e-9055-e7c441e111d1}</UniqueIdentifier>
    </Filter>
    <Filter Include="sources\exporters">
      <UniqueIdentifier>{51723391-7312-402c-b60a-462763a2d1bc}</UniqueIdentifier>
    </Filter>
    <Filter Include="sources\exporters\collada">
      <UniqueIdentifier>{75864d66-201d-4bec-ad17-81ad6eae0d9a}</UniqueIdentifier>
    </Filter>
    <Filter Include="sources\exporters\obj">
      <UniqueIdentifier>{49dc1799-aab5-4931-b552-23f409bc7214}</UniqueIdentifier>
    </Filter>
    <Filter Include="sources\exporters\stl">
      <UniqueIdentifier>{c18cd967-c930-4660-a7af-c976aee0f2b1}</UniqueIdentifier>
    </Filter>
    <Filter Include="sources\exporters\ply">
      <UniqueIdentifier>{0c241b0f-818d-47f2-9c6a-6cb797456cf9}</UniqueIdentifier>
    </Filter>
    <Filter Include="doc">
      <UniqueIdentifier>{044e27f6-4880-4555-a7b3-555af791b2d9}</UniqueIdentifier>
    </Filter>
    <Filter Include="resources">
      <UniqueIdentifier>{4ed8a079-89a3-4516-bac3-6f30d34842d8}</UniqueIdentifier>
    </Filter>
  </ItemGroup>
  <ItemGroup>
    <ClInclude Include="..\..\include\assimp\Compiler\poppack1.h">
      <Filter>include\Compiler</Filter>
    </ClInclude>
    <ClInclude Include="..\..\include\assimp\Compiler\pushpack1.h">
      <Filter>include\Compiler</Filter>
    </ClInclude>
    <ClInclude Include="..\..\include\assimp\DefaultLogger.hpp">
      <Filter>include\C++</Filter>
    </ClInclude>
    <ClInclude Include="..\..\include\assimp\Exporter.hpp">
      <Filter>include\C++</Filter>
    </ClInclude>
    <ClInclude Include="..\..\include\assimp\Importer.hpp">
      <Filter>include\C++</Filter>
    </ClInclude>
    <ClInclude Include="..\..\include\assimp\IOStream.hpp">
      <Filter>include\C++</Filter>
    </ClInclude>
    <ClInclude Include="..\..\include\assimp\IOSystem.hpp">
      <Filter>include\C++</Filter>
    </ClInclude>
    <ClInclude Include="..\..\include\assimp\Logger.hpp">
      <Filter>include\C++</Filter>
    </ClInclude>
    <ClInclude Include="..\..\include\assimp\LogStream.hpp">
      <Filter>include\C++</Filter>
    </ClInclude>
    <ClInclude Include="..\..\include\assimp\NullLogger.hpp">
      <Filter>include\C++</Filter>
    </ClInclude>
    <ClInclude Include="..\..\include\assimp\ProgressHandler.hpp">
      <Filter>include\C++</Filter>
    </ClInclude>
    <ClInclude Include="..\..\include\assimp\cexport.h">
      <Filter>include\C</Filter>
    </ClInclude>
    <ClInclude Include="..\..\include\assimp\cfileio.h">
      <Filter>include\C</Filter>
    </ClInclude>
    <ClInclude Include="..\..\include\assimp\cimport.h">
      <Filter>include\C</Filter>
    </ClInclude>
    <ClInclude Include="..\..\include\assimp\ai_assert.h">
      <Filter>include\Common</Filter>
    </ClInclude>
    <ClInclude Include="..\..\include\assimp\anim.h">
      <Filter>include\Common</Filter>
    </ClInclude>
    <ClInclude Include="..\..\include\assimp\camera.h">
      <Filter>include\Common</Filter>
    </ClInclude>
    <ClInclude Include="..\..\include\assimp\color4.h">
      <Filter>include\Common</Filter>
    </ClInclude>
    <ClInclude Include="..\..\include\assimp\config.h">
      <Filter>include\Common</Filter>
    </ClInclude>
    <ClInclude Include="..\..\include\assimp\defs.h">
      <Filter>include\Common</Filter>
    </ClInclude>
    <ClInclude Include="..\..\include\assimp\importerdesc.h">
      <Filter>include\Common</Filter>
    </ClInclude>
    <ClInclude Include="..\..\include\assimp\light.h">
      <Filter>include\Common</Filter>
    </ClInclude>
    <ClInclude Include="..\..\include\assimp\material.h">
      <Filter>include\Common</Filter>
    </ClInclude>
    <ClInclude Include="..\..\include\assimp\matrix3x3.h">
      <Filter>include\Common</Filter>
    </ClInclude>
    <ClInclude Include="..\..\include\assimp\matrix4x4.h">
      <Filter>include\Common</Filter>
    </ClInclude>
    <ClInclude Include="..\..\include\assimp\mesh.h">
      <Filter>include\Common</Filter>
    </ClInclude>
    <ClInclude Include="..\..\include\assimp\postprocess.h">
      <Filter>include\Common</Filter>
    </ClInclude>
    <ClInclude Include="..\..\include\assimp\quaternion.h">
      <Filter>include\Common</Filter>
    </ClInclude>
    <ClInclude Include="..\..\include\assimp\scene.h">
      <Filter>include\Common</Filter>
    </ClInclude>
    <ClInclude Include="..\..\include\assimp\texture.h">
      <Filter>include\Common</Filter>
    </ClInclude>
    <ClInclude Include="..\..\include\assimp\types.h">
      <Filter>include\Common</Filter>
    </ClInclude>
    <ClInclude Include="..\..\include\assimp\vector2.h">
      <Filter>include\Common</Filter>
    </ClInclude>
    <ClInclude Include="..\..\include\assimp\vector3.h">
      <Filter>include\Common</Filter>
    </ClInclude>
    <ClInclude Include="..\..\include\assimp\version.h">
      <Filter>include\Common</Filter>
    </ClInclude>
    <ClInclude Include="..\..\code\3DSHelper.h">
      <Filter>sources\importers\3ds</Filter>
    </ClInclude>
    <ClInclude Include="..\..\code\3DSLoader.h">
      <Filter>sources\importers\3ds</Filter>
    </ClInclude>
    <ClInclude Include="..\..\code\ASELoader.h">
      <Filter>sources\importers\ase</Filter>
    </ClInclude>
    <ClInclude Include="..\..\code\ASEParser.h">
      <Filter>sources\importers\ase</Filter>
    </ClInclude>
    <ClInclude Include="..\..\code\HMPFileData.h">
      <Filter>sources\importers\hmp</Filter>
    </ClInclude>
    <ClInclude Include="..\..\code\HMPLoader.h">
      <Filter>sources\importers\hmp</Filter>
    </ClInclude>
    <ClInclude Include="..\..\code\LWOFileData.h">
      <Filter>sources\importers\lwo</Filter>
    </ClInclude>
    <ClInclude Include="..\..\code\LWOLoader.h">
      <Filter>sources\importers\lwo</Filter>
    </ClInclude>
    <ClInclude Include="..\..\code\MD3FileData.h">
      <Filter>sources\importers\md3</Filter>
    </ClInclude>
    <ClInclude Include="..\..\code\MD3Loader.h">
      <Filter>sources\importers\md3</Filter>
    </ClInclude>
    <ClInclude Include="..\..\code\MD5Loader.h">
      <Filter>sources\importers\md5</Filter>
    </ClInclude>
    <ClInclude Include="..\..\code\MD5Parser.h">
      <Filter>sources\importers\md5</Filter>
    </ClInclude>
    <ClInclude Include="..\..\code\MDCFileData.h">
      <Filter>sources\importers\mdc</Filter>
    </ClInclude>
    <ClInclude Include="..\..\code\MDCLoader.h">
      <Filter>sources\importers\mdc</Filter>
    </ClInclude>
    <ClInclude Include="..\..\code\MDCNormalTable.h">
      <Filter>sources\importers\mdc</Filter>
    </ClInclude>
    <ClInclude Include="..\..\code\HalfLifeFileData.h">
      <Filter>sources\importers\mdl</Filter>
    </ClInclude>
    <ClInclude Include="..\..\code\MDLDefaultColorMap.h">
      <Filter>sources\importers\mdl</Filter>
    </ClInclude>
    <ClInclude Include="..\..\code\MDLFileData.h">
      <Filter>sources\importers\mdl</Filter>
    </ClInclude>
    <ClInclude Include="..\..\code\MDLLoader.h">
      <Filter>sources\importers\mdl</Filter>
    </ClInclude>
    <ClInclude Include="..\..\code\ObjFileData.h">
      <Filter>sources\importers\obj</Filter>
    </ClInclude>
    <ClInclude Include="..\..\code\ObjFileImporter.h">
      <Filter>sources\importers\obj</Filter>
    </ClInclude>
    <ClInclude Include="..\..\code\ObjFileMtlImporter.h">
      <Filter>sources\importers\obj</Filter>
    </ClInclude>
    <ClInclude Include="..\..\code\ObjFileParser.h">
      <Filter>sources\importers\obj</Filter>
    </ClInclude>
    <ClInclude Include="..\..\code\ObjTools.h">
      <Filter>sources\importers\obj</Filter>
    </ClInclude>
    <ClInclude Include="..\..\code\PlyLoader.h">
      <Filter>sources\importers\ply</Filter>
    </ClInclude>
    <ClInclude Include="..\..\code\PlyParser.h">
      <Filter>sources\importers\ply</Filter>
    </ClInclude>
    <ClInclude Include="..\..\code\SMDLoader.h">
      <Filter>sources\importers\smd</Filter>
    </ClInclude>
    <ClInclude Include="..\..\code\STLLoader.h">
      <Filter>sources\importers\stl</Filter>
    </ClInclude>
    <ClInclude Include="..\..\code\XFileHelper.h">
      <Filter>sources\importers\x</Filter>
    </ClInclude>
    <ClInclude Include="..\..\code\XFileImporter.h">
      <Filter>sources\importers\x</Filter>
    </ClInclude>
    <ClInclude Include="..\..\code\XFileParser.h">
      <Filter>sources\importers\x</Filter>
    </ClInclude>
    <ClInclude Include="..\..\code\DXFHelper.h">
      <Filter>sources\importers\dxf</Filter>
    </ClInclude>
    <ClInclude Include="..\..\code\DXFLoader.h">
      <Filter>sources\importers\dxf</Filter>
    </ClInclude>
    <ClInclude Include="..\..\code\RawLoader.h">
      <Filter>sources\importers\raw</Filter>
    </ClInclude>
    <ClInclude Include="..\..\code\NFFLoader.h">
      <Filter>sources\importers\nff</Filter>
    </ClInclude>
    <ClInclude Include="..\..\code\OFFLoader.h">
      <Filter>sources\importers\off</Filter>
    </ClInclude>
    <ClInclude Include="..\..\code\ACLoader.h">
      <Filter>sources\importers\ac</Filter>
    </ClInclude>
    <ClInclude Include="..\..\code\LWOAnimation.h">
      <Filter>sources\importers\lws</Filter>
    </ClInclude>
    <ClInclude Include="..\..\code\LWSLoader.h">
      <Filter>sources\importers\lws</Filter>
    </ClInclude>
    <ClInclude Include="..\..\code\BVHLoader.h">
      <Filter>sources\importers\bvh</Filter>
    </ClInclude>
    <ClInclude Include="..\..\code\IRRMeshLoader.h">
      <Filter>sources\importers\irrmesh</Filter>
    </ClInclude>
    <ClInclude Include="..\..\code\IRRLoader.h">
      <Filter>sources\importers\irr</Filter>
    </ClInclude>
    <ClInclude Include="..\..\code\IRRShared.h">
      <Filter>sources\importers\irr</Filter>
    </ClInclude>
    <ClInclude Include="..\..\code\Q3DLoader.h">
      <Filter>sources\importers\q3d</Filter>
    </ClInclude>
    <ClInclude Include="..\..\code\B3DImporter.h">
      <Filter>sources\importers\b3d</Filter>
    </ClInclude>
    <ClInclude Include="..\..\code\ColladaHelper.h">
      <Filter>sources\importers\collada</Filter>
    </ClInclude>
    <ClInclude Include="..\..\code\ColladaLoader.h">
      <Filter>sources\importers\collada</Filter>
    </ClInclude>
    <ClInclude Include="..\..\code\ColladaParser.h">
      <Filter>sources\importers\collada</Filter>
    </ClInclude>
    <ClInclude Include="..\..\code\TerragenLoader.h">
      <Filter>sources\importers\ter</Filter>
    </ClInclude>
    <ClInclude Include="..\..\code\CSMLoader.h">
      <Filter>sources\importers\csm</Filter>
    </ClInclude>
    <ClInclude Include="..\..\code\UnrealLoader.h">
      <Filter>sources\importers\unreal</Filter>
    </ClInclude>
    <ClInclude Include="..\..\code\NDOLoader.h">
      <Filter>sources\importers\ndo</Filter>
    </ClInclude>
    <ClInclude Include="..\..\code\OgreImporter.hpp">
      <Filter>sources\importers\ogre</Filter>
    </ClInclude>
    <ClInclude Include="..\..\code\OgreXmlHelper.h">
      <Filter>sources\importers\ogre</Filter>
    </ClInclude>
    <ClInclude Include="..\..\code\OgreXmlHelper.hpp">
      <Filter>sources\importers\ogre</Filter>
    </ClInclude>
    <ClInclude Include="..\..\code\MS3DLoader.h">
      <Filter>sources\importers\ms3d</Filter>
    </ClInclude>
    <ClInclude Include="..\..\code\COBLoader.h">
      <Filter>sources\importers\cob</Filter>
    </ClInclude>
    <ClInclude Include="..\..\code\COBScene.h">
      <Filter>sources\importers\cob</Filter>
    </ClInclude>
    <ClInclude Include="..\..\code\BlenderDNA.h">
      <Filter>sources\importers\blend</Filter>
    </ClInclude>
    <ClInclude Include="..\..\code\BlenderIntermediate.h">
      <Filter>sources\importers\blend</Filter>
    </ClInclude>
    <ClInclude Include="..\..\code\BlenderLoader.h">
      <Filter>sources\importers\blend</Filter>
    </ClInclude>
    <ClInclude Include="..\..\code\BlenderModifier.h">
      <Filter>sources\importers\blend</Filter>
    </ClInclude>
    <ClInclude Include="..\..\code\BlenderScene.h">
      <Filter>sources\importers\blend</Filter>
    </ClInclude>
    <ClInclude Include="..\..\code\BlenderSceneGen.h">
      <Filter>sources\importers\blend</Filter>
    </ClInclude>
    <ClInclude Include="..\..\code\Q3BSPFileData.h">
      <Filter>sources\importers\q3bsp</Filter>
    </ClInclude>
    <ClInclude Include="..\..\code\Q3BSPFileImporter.h">
      <Filter>sources\importers\q3bsp</Filter>
    </ClInclude>
    <ClInclude Include="..\..\code\Q3BSPFileParser.h">
      <Filter>sources\importers\q3bsp</Filter>
    </ClInclude>
    <ClInclude Include="..\..\code\Q3BSPZipArchive.h">
      <Filter>sources\importers\q3bsp</Filter>
    </ClInclude>
    <ClInclude Include="..\..\code\MD2FileData.h">
      <Filter>sources\importers\md2</Filter>
    </ClInclude>
    <ClInclude Include="..\..\code\MD2Loader.h">
      <Filter>sources\importers\md2</Filter>
    </ClInclude>
    <ClInclude Include="..\..\code\MD2NormalTable.h">
      <Filter>sources\importers\md2</Filter>
    </ClInclude>
    <ClInclude Include="..\..\code\IFCLoader.h">
      <Filter>sources\importers\ifc</Filter>
    </ClInclude>
    <ClInclude Include="..\..\code\IFCReaderGen.h">
      <Filter>sources\importers\ifc</Filter>
    </ClInclude>
    <ClInclude Include="..\..\code\IFCUtil.h">
      <Filter>sources\importers\ifc</Filter>
    </ClInclude>
    <ClInclude Include="..\..\code\STEPFile.h">
      <Filter>sources\importers\ifc</Filter>
    </ClInclude>
    <ClInclude Include="..\..\code\STEPFileReader.h">
      <Filter>sources\importers\ifc</Filter>
    </ClInclude>
    <ClInclude Include="..\..\code\M3Importer.h">
      <Filter>sources\importers\m3</Filter>
    </ClInclude>
    <ClInclude Include="..\..\code\XGLLoader.h">
      <Filter>sources\importers\xgl</Filter>
    </ClInclude>
    <ClInclude Include="..\..\code\BaseProcess.h">
      <Filter>sources\postprocessing</Filter>
    </ClInclude>
    <ClInclude Include="..\..\code\CalcTangentsProcess.h">
      <Filter>sources\postprocessing</Filter>
    </ClInclude>
    <ClInclude Include="..\..\code\ComputeUVMappingProcess.h">
      <Filter>sources\postprocessing</Filter>
    </ClInclude>
    <ClInclude Include="..\..\code\ConvertToLHProcess.h">
      <Filter>sources\postprocessing</Filter>
    </ClInclude>
    <ClInclude Include="..\..\code\DeboneProcess.h">
      <Filter>sources\postprocessing</Filter>
    </ClInclude>
    <ClInclude Include="..\..\code\FindDegenerates.h">
      <Filter>sources\postprocessing</Filter>
    </ClInclude>
    <ClInclude Include="..\..\code\FindInstancesProcess.h">
      <Filter>sources\postprocessing</Filter>
    </ClInclude>
    <ClInclude Include="..\..\code\FindInvalidDataProcess.h">
      <Filter>sources\postprocessing</Filter>
    </ClInclude>
    <ClInclude Include="..\..\code\FixNormalsStep.h">
      <Filter>sources\postprocessing</Filter>
    </ClInclude>
    <ClInclude Include="..\..\code\GenFaceNormalsProcess.h">
      <Filter>sources\postprocessing</Filter>
    </ClInclude>
    <ClInclude Include="..\..\code\GenVertexNormalsProcess.h">
      <Filter>sources\postprocessing</Filter>
    </ClInclude>
    <ClInclude Include="..\..\code\ImproveCacheLocality.h">
      <Filter>sources\postprocessing</Filter>
    </ClInclude>
    <ClInclude Include="..\..\code\JoinVerticesProcess.h">
      <Filter>sources\postprocessing</Filter>
    </ClInclude>
    <ClInclude Include="..\..\code\LimitBoneWeightsProcess.h">
      <Filter>sources\postprocessing</Filter>
    </ClInclude>
    <ClInclude Include="..\..\code\MakeVerboseFormat.h">
      <Filter>sources\postprocessing</Filter>
    </ClInclude>
    <ClInclude Include="..\..\code\OptimizeGraph.h">
      <Filter>sources\postprocessing</Filter>
    </ClInclude>
    <ClInclude Include="..\..\code\OptimizeMeshes.h">
      <Filter>sources\postprocessing</Filter>
    </ClInclude>
    <ClInclude Include="..\..\code\PretransformVertices.h">
      <Filter>sources\postprocessing</Filter>
    </ClInclude>
    <ClInclude Include="..\..\code\ProcessHelper.h">
      <Filter>sources\postprocessing</Filter>
    </ClInclude>
    <ClInclude Include="..\..\code\RemoveRedundantMaterials.h">
      <Filter>sources\postprocessing</Filter>
    </ClInclude>
    <ClInclude Include="..\..\code\RemoveVCProcess.h">
      <Filter>sources\postprocessing</Filter>
    </ClInclude>
    <ClInclude Include="..\..\code\SortByPTypeProcess.h">
      <Filter>sources\postprocessing</Filter>
    </ClInclude>
    <ClInclude Include="..\..\code\SplitByBoneCountProcess.h">
      <Filter>sources\postprocessing</Filter>
    </ClInclude>
    <ClInclude Include="..\..\code\SplitLargeMeshes.h">
      <Filter>sources\postprocessing</Filter>
    </ClInclude>
    <ClInclude Include="..\..\code\TextureTransform.h">
      <Filter>sources\postprocessing</Filter>
    </ClInclude>
    <ClInclude Include="..\..\code\TriangulateProcess.h">
      <Filter>sources\postprocessing</Filter>
    </ClInclude>
    <ClInclude Include="..\..\code\ValidateDataStructure.h">
      <Filter>sources\postprocessing</Filter>
    </ClInclude>
    <ClInclude Include="..\..\code\AssimpPCH.h">
      <Filter>sources\core</Filter>
    </ClInclude>
    <ClInclude Include="..\..\code\ByteSwap.h">
      <Filter>sources\core</Filter>
    </ClInclude>
    <ClInclude Include="..\..\code\Exceptional.h">
      <Filter>sources\core</Filter>
    </ClInclude>
    <ClInclude Include="..\..\code\GenericProperty.h">
      <Filter>sources\core</Filter>
    </ClInclude>
    <ClInclude Include="..\..\code\Hash.h">
      <Filter>sources\core</Filter>
    </ClInclude>
    <ClInclude Include="..\..\code\LogAux.h">
      <Filter>sources\core</Filter>
    </ClInclude>
    <ClInclude Include="..\..\code\MaterialSystem.h">
      <Filter>sources\core</Filter>
    </ClInclude>
    <ClInclude Include="..\..\code\PolyTools.h">
      <Filter>sources\core</Filter>
    </ClInclude>
    <ClInclude Include="..\..\code\Profiler.h">
      <Filter>sources\core</Filter>
    </ClInclude>
    <ClInclude Include="..\..\code\qnan.h">
      <Filter>sources\core</Filter>
    </ClInclude>
    <ClInclude Include="..\..\code\ScenePrivate.h">
      <Filter>sources\core</Filter>
    </ClInclude>
    <ClInclude Include="..\..\code\StandardShapes.h">
      <Filter>sources\core</Filter>
    </ClInclude>
    <ClInclude Include="..\..\code\StringComparison.h">
      <Filter>sources\core</Filter>
    </ClInclude>
    <ClInclude Include="..\..\code\TinyFormatter.h">
      <Filter>sources\core</Filter>
    </ClInclude>
    <ClInclude Include="..\..\code\Vertex.h">
      <Filter>sources\core</Filter>
    </ClInclude>
    <ClInclude Include="..\..\code\FileLogStream.h">
      <Filter>sources\logging</Filter>
    </ClInclude>
    <ClInclude Include="..\..\code\StdOStreamLogStream.h">
      <Filter>sources\logging</Filter>
    </ClInclude>
    <ClInclude Include="..\..\code\Win32DebugLogStream.h">
      <Filter>sources\logging</Filter>
    </ClInclude>
    <ClInclude Include="..\..\code\CInterfaceIOWrapper.h">
      <Filter>sources\filesystem</Filter>
    </ClInclude>
    <ClInclude Include="..\..\code\DefaultIOStream.h">
      <Filter>sources\filesystem</Filter>
    </ClInclude>
    <ClInclude Include="..\..\code\DefaultIOSystem.h">
      <Filter>sources\filesystem</Filter>
    </ClInclude>
    <ClInclude Include="..\..\code\FileSystemFilter.h">
      <Filter>sources\filesystem</Filter>
    </ClInclude>
    <ClInclude Include="..\..\code\MemoryIOWrapper.h">
      <Filter>sources\filesystem</Filter>
    </ClInclude>
    <ClInclude Include="..\..\code\BaseImporter.h">
      <Filter>sources\core_import</Filter>
    </ClInclude>
    <ClInclude Include="..\..\code\DefaultProgressHandler.h">
      <Filter>sources\core_import</Filter>
    </ClInclude>
    <ClInclude Include="..\..\code\fast_atof.h">
      <Filter>sources\core_import</Filter>
    </ClInclude>
    <ClInclude Include="..\..\code\IFF.h">
      <Filter>sources\core_import</Filter>
    </ClInclude>
    <ClInclude Include="..\..\code\Importer.h">
      <Filter>sources\core_import</Filter>
    </ClInclude>
    <ClInclude Include="..\..\code\LineSplitter.h">
      <Filter>sources\core_import</Filter>
    </ClInclude>
    <ClInclude Include="..\..\code\ParsingUtils.h">
      <Filter>sources\core_import</Filter>
    </ClInclude>
    <ClInclude Include="..\..\code\RemoveComments.h">
      <Filter>sources\core_import</Filter>
    </ClInclude>
    <ClInclude Include="..\..\code\SceneCombiner.h">
      <Filter>sources\core_import</Filter>
    </ClInclude>
    <ClInclude Include="..\..\code\ScenePreprocessor.h">
      <Filter>sources\core_import</Filter>
    </ClInclude>
    <ClInclude Include="..\..\code\SGSpatialSort.h">
      <Filter>sources\core_import</Filter>
    </ClInclude>
    <ClInclude Include="..\..\code\SkeletonMeshBuilder.h">
      <Filter>sources\core_import</Filter>
    </ClInclude>
    <ClInclude Include="..\..\code\SmoothingGroups.h">
      <Filter>sources\core_import</Filter>
    </ClInclude>
    <ClInclude Include="..\..\code\SpatialSort.h">
      <Filter>sources\core_import</Filter>
    </ClInclude>
    <ClInclude Include="..\..\code\StreamReader.h">
      <Filter>sources\core_import</Filter>
    </ClInclude>
    <ClInclude Include="..\..\code\Subdivision.h">
      <Filter>sources\core_import</Filter>
    </ClInclude>
    <ClInclude Include="..\..\code\TargetAnimation.h">
      <Filter>sources\core_import</Filter>
    </ClInclude>
    <ClInclude Include="..\..\code\VertexTriangleAdjacency.h">
      <Filter>sources\core_import</Filter>
    </ClInclude>
    <ClInclude Include="..\..\contrib\irrXML\CXMLReaderImpl.h">
      <Filter>sources\extern\irrXML</Filter>
    </ClInclude>
    <ClInclude Include="..\..\contrib\irrXML\fast_atof.h">
      <Filter>sources\extern\irrXML</Filter>
    </ClInclude>
    <ClInclude Include="..\..\contrib\irrXML\heapsort.h">
      <Filter>sources\extern\irrXML</Filter>
    </ClInclude>
    <ClInclude Include="..\..\contrib\irrXML\irrArray.h">
      <Filter>sources\extern\irrXML</Filter>
    </ClInclude>
    <ClInclude Include="..\..\contrib\irrXML\irrString.h">
      <Filter>sources\extern\irrXML</Filter>
    </ClInclude>
    <ClInclude Include="..\..\contrib\irrXML\irrTypes.h">
      <Filter>sources\extern\irrXML</Filter>
    </ClInclude>
    <ClInclude Include="..\..\contrib\irrXML\irrXML.h">
      <Filter>sources\extern\irrXML</Filter>
    </ClInclude>
    <ClInclude Include="..\..\code\irrXMLWrapper.h">
      <Filter>sources\extern\irrXML</Filter>
    </ClInclude>
    <ClInclude Include="..\..\contrib\zlib\crc32.h">
      <Filter>sources\extern\zLib</Filter>
    </ClInclude>
    <ClInclude Include="..\..\contrib\unzip\crypt.h">
      <Filter>sources\extern\zLib</Filter>
    </ClInclude>
    <ClInclude Include="..\..\contrib\zlib\inffast.h">
      <Filter>sources\extern\zLib</Filter>
    </ClInclude>
    <ClInclude Include="..\..\contrib\zlib\inffixed.h">
      <Filter>sources\extern\zLib</Filter>
    </ClInclude>
    <ClInclude Include="..\..\contrib\zlib\inflate.h">
      <Filter>sources\extern\zLib</Filter>
    </ClInclude>
    <ClInclude Include="..\..\contrib\zlib\inftrees.h">
      <Filter>sources\extern\zLib</Filter>
    </ClInclude>
    <ClInclude Include="..\..\contrib\unzip\ioapi.h">
      <Filter>sources\extern\zLib</Filter>
    </ClInclude>
    <ClInclude Include="..\..\contrib\unzip\unzip.h">
      <Filter>sources\extern\zLib</Filter>
    </ClInclude>
    <ClInclude Include="..\..\contrib\zlib\zconf.h">
      <Filter>sources\extern\zLib</Filter>
    </ClInclude>
    <ClInclude Include="..\..\contrib\zlib\zconf.in.h">
      <Filter>sources\extern\zLib</Filter>
    </ClInclude>
    <ClInclude Include="..\..\contrib\zlib\zlib.h">
      <Filter>sources\extern\zLib</Filter>
    </ClInclude>
    <ClInclude Include="..\..\contrib\zlib\zutil.h">
      <Filter>sources\extern\zLib</Filter>
    </ClInclude>
    <ClInclude Include="..\..\contrib\ConvertUTF\ConvertUTF.h">
      <Filter>sources\extern\ConvertUTF</Filter>
    </ClInclude>
    <ClInclude Include="..\..\contrib\poly2tri\poly2tri\sweep\advancing_front.h">
      <Filter>sources\extern\poly2tri</Filter>
    </ClInclude>
    <ClInclude Include="..\..\contrib\poly2tri\poly2tri\sweep\cdt.h">
      <Filter>sources\extern\poly2tri</Filter>
    </ClInclude>
    <ClInclude Include="..\..\contrib\poly2tri\poly2tri\poly2tri.h">
      <Filter>sources\extern\poly2tri</Filter>
    </ClInclude>
    <ClInclude Include="..\..\contrib\poly2tri\poly2tri\common\shapes.h">
      <Filter>sources\extern\poly2tri</Filter>
    </ClInclude>
    <ClInclude Include="..\..\contrib\poly2tri\poly2tri\sweep\sweep.h">
      <Filter>sources\extern\poly2tri</Filter>
    </ClInclude>
    <ClInclude Include="..\..\contrib\poly2tri\poly2tri\sweep\sweep_context.h">
      <Filter>sources\extern\poly2tri</Filter>
    </ClInclude>
    <ClInclude Include="..\..\contrib\poly2tri\poly2tri\common\utils.h">
      <Filter>sources\extern\poly2tri</Filter>
    </ClInclude>
    <ClInclude Include="..\..\contrib\clipper\clipper.hpp">
      <Filter>sources\extern\clipper</Filter>
    </ClInclude>
    <ClInclude Include="..\..\code\BoostWorkaround\boost\foreach.hpp">
      <Filter>sources\noboost</Filter>
    </ClInclude>
    <ClInclude Include="..\..\code\BoostWorkaround\boost\format.hpp">
      <Filter>sources\noboost</Filter>
    </ClInclude>
    <ClInclude Include="..\..\code\BoostWorkaround\boost\lexical_cast.hpp">
      <Filter>sources\noboost</Filter>
    </ClInclude>
    <ClInclude Include="..\..\code\BoostWorkaround\boost\make_shared.hpp">
      <Filter>sources\noboost</Filter>
    </ClInclude>
    <ClInclude Include="..\..\code\BoostWorkaround\boost\pointer_cast.hpp">
      <Filter>sources\noboost</Filter>
    </ClInclude>
    <ClInclude Include="..\..\code\BoostWorkaround\boost\scoped_array.hpp">
      <Filter>sources\noboost</Filter>
    </ClInclude>
    <ClInclude Include="..\..\code\BoostWorkaround\boost\scoped_ptr.hpp">
      <Filter>sources\noboost</Filter>
    </ClInclude>
    <ClInclude Include="..\..\code\BoostWorkaround\boost\shared_array.hpp">
      <Filter>sources\noboost</Filter>
    </ClInclude>
    <ClInclude Include="..\..\code\BoostWorkaround\boost\shared_ptr.hpp">
      <Filter>sources\noboost</Filter>
    </ClInclude>
    <ClInclude Include="..\..\code\BoostWorkaround\boost\static_assert.hpp">
      <Filter>sources\noboost</Filter>
    </ClInclude>
    <ClInclude Include="..\..\code\BoostWorkaround\boost\tuple\tuple.hpp">
      <Filter>sources\noboost\tuple</Filter>
    </ClInclude>
    <ClInclude Include="..\..\code\BoostWorkaround\boost\math\common_factor_rt.hpp">
      <Filter>sources\noboost\math</Filter>
    </ClInclude>
    <ClInclude Include="..\..\code\BlobIOSystem.h">
      <Filter>sources\core_export</Filter>
    </ClInclude>
    <ClInclude Include="..\..\code\ColladaExporter.h">
      <Filter>sources\exporters\collada</Filter>
    </ClInclude>
    <ClInclude Include="..\..\code\ObjExporter.h">
      <Filter>sources\exporters\obj</Filter>
    </ClInclude>
    <ClInclude Include="..\..\code\STLExporter.h">
      <Filter>sources\exporters\stl</Filter>
    </ClInclude>
    <ClInclude Include="..\..\code\PlyExporter.h">
      <Filter>sources\exporters\ply</Filter>
    </ClInclude>
    <ClInclude Include="..\..\doc\dox.h">
      <Filter>doc</Filter>
    </ClInclude>
    <ClInclude Include="..\..\code\res\resource.h">
      <Filter>resources</Filter>
    </ClInclude>
  </ItemGroup>
  <ItemGroup>
    <None Include="..\..\include\assimp\color4.inl">
      <Filter>include\Common</Filter>
    </None>
    <None Include="..\..\include\assimp\material.inl">
      <Filter>include\Common</Filter>
    </None>
    <None Include="..\..\include\assimp\matrix3x3.inl">
      <Filter>include\Common</Filter>
    </None>
    <None Include="..\..\include\assimp\matrix4x4.inl">
      <Filter>include\Common</Filter>
    </None>
    <None Include="..\..\include\assimp\quaternion.inl">
      <Filter>include\Common</Filter>
    </None>
    <None Include="..\..\include\assimp\vector2.inl">
      <Filter>include\Common</Filter>
    </None>
    <None Include="..\..\include\assimp\vector3.inl">
      <Filter>include\Common</Filter>
    </None>
    <None Include="..\..\code\BlenderDNA.inl">
      <Filter>sources\importers\blend</Filter>
    </None>
    <None Include="..\..\code\SmoothingGroups.inl">
      <Filter>sources\core_import</Filter>
    </None>
  </ItemGroup>
  <ItemGroup>
    <ClCompile Include="..\..\code\3DSConverter.cpp">
      <Filter>sources\importers\3ds</Filter>
    </ClCompile>
    <ClCompile Include="..\..\code\3DSLoader.cpp">
      <Filter>sources\importers\3ds</Filter>
    </ClCompile>
    <ClCompile Include="..\..\code\ASELoader.cpp">
      <Filter>sources\importers\ase</Filter>
    </ClCompile>
    <ClCompile Include="..\..\code\ASEParser.cpp">
      <Filter>sources\importers\ase</Filter>
    </ClCompile>
    <ClCompile Include="..\..\code\HMPLoader.cpp">
      <Filter>sources\importers\hmp</Filter>
    </ClCompile>
    <ClCompile Include="..\..\code\LWOBLoader.cpp">
      <Filter>sources\importers\lwo</Filter>
    </ClCompile>
    <ClCompile Include="..\..\code\LWOLoader.cpp">
      <Filter>sources\importers\lwo</Filter>
    </ClCompile>
    <ClCompile Include="..\..\code\LWOMaterial.cpp">
      <Filter>sources\importers\lwo</Filter>
    </ClCompile>
    <ClCompile Include="..\..\code\MD3Loader.cpp">
      <Filter>sources\importers\md3</Filter>
    </ClCompile>
    <ClCompile Include="..\..\code\MD5Loader.cpp">
      <Filter>sources\importers\md5</Filter>
    </ClCompile>
    <ClCompile Include="..\..\code\MD5Parser.cpp">
      <Filter>sources\importers\md5</Filter>
    </ClCompile>
    <ClCompile Include="..\..\code\MDCLoader.cpp">
      <Filter>sources\importers\mdc</Filter>
    </ClCompile>
    <ClCompile Include="..\..\code\MDLLoader.cpp">
      <Filter>sources\importers\mdl</Filter>
    </ClCompile>
    <ClCompile Include="..\..\code\MDLMaterialLoader.cpp">
      <Filter>sources\importers\mdl</Filter>
    </ClCompile>
    <ClCompile Include="..\..\code\ObjFileImporter.cpp">
      <Filter>sources\importers\obj</Filter>
    </ClCompile>
    <ClCompile Include="..\..\code\ObjFileMtlImporter.cpp">
      <Filter>sources\importers\obj</Filter>
    </ClCompile>
    <ClCompile Include="..\..\code\ObjFileParser.cpp">
      <Filter>sources\importers\obj</Filter>
    </ClCompile>
    <ClCompile Include="..\..\code\PlyLoader.cpp">
      <Filter>sources\importers\ply</Filter>
    </ClCompile>
    <ClCompile Include="..\..\code\PlyParser.cpp">
      <Filter>sources\importers\ply</Filter>
    </ClCompile>
    <ClCompile Include="..\..\code\SMDLoader.cpp">
      <Filter>sources\importers\smd</Filter>
    </ClCompile>
    <ClCompile Include="..\..\code\STLLoader.cpp">
      <Filter>sources\importers\stl</Filter>
    </ClCompile>
    <ClCompile Include="..\..\code\XFileImporter.cpp">
      <Filter>sources\importers\x</Filter>
    </ClCompile>
    <ClCompile Include="..\..\code\XFileParser.cpp">
      <Filter>sources\importers\x</Filter>
    </ClCompile>
    <ClCompile Include="..\..\code\DXFLoader.cpp">
      <Filter>sources\importers\dxf</Filter>
    </ClCompile>
    <ClCompile Include="..\..\code\RawLoader.cpp">
      <Filter>sources\importers\raw</Filter>
    </ClCompile>
    <ClCompile Include="..\..\code\NFFLoader.cpp">
      <Filter>sources\importers\nff</Filter>
    </ClCompile>
    <ClCompile Include="..\..\code\OFFLoader.cpp">
      <Filter>sources\importers\off</Filter>
    </ClCompile>
    <ClCompile Include="..\..\code\ACLoader.cpp">
      <Filter>sources\importers\ac</Filter>
    </ClCompile>
    <ClCompile Include="..\..\code\LWOAnimation.cpp">
      <Filter>sources\importers\lws</Filter>
    </ClCompile>
    <ClCompile Include="..\..\code\LWSLoader.cpp">
      <Filter>sources\importers\lws</Filter>
    </ClCompile>
    <ClCompile Include="..\..\code\BVHLoader.cpp">
      <Filter>sources\importers\bvh</Filter>
    </ClCompile>
    <ClCompile Include="..\..\code\IRRMeshLoader.cpp">
      <Filter>sources\importers\irrmesh</Filter>
    </ClCompile>
    <ClCompile Include="..\..\code\IRRLoader.cpp">
      <Filter>sources\importers\irr</Filter>
    </ClCompile>
    <ClCompile Include="..\..\code\IRRShared.cpp">
      <Filter>sources\importers\irr</Filter>
    </ClCompile>
    <ClCompile Include="..\..\code\Q3DLoader.cpp">
      <Filter>sources\importers\q3d</Filter>
    </ClCompile>
    <ClCompile Include="..\..\code\B3DImporter.cpp">
      <Filter>sources\importers\b3d</Filter>
    </ClCompile>
    <ClCompile Include="..\..\code\ColladaLoader.cpp">
      <Filter>sources\importers\collada</Filter>
    </ClCompile>
    <ClCompile Include="..\..\code\ColladaParser.cpp">
      <Filter>sources\importers\collada</Filter>
    </ClCompile>
    <ClCompile Include="..\..\code\TerragenLoader.cpp">
      <Filter>sources\importers\ter</Filter>
    </ClCompile>
    <ClCompile Include="..\..\code\CSMLoader.cpp">
      <Filter>sources\importers\csm</Filter>
    </ClCompile>
    <ClCompile Include="..\..\code\UnrealLoader.cpp">
      <Filter>sources\importers\unreal</Filter>
    </ClCompile>
    <ClCompile Include="..\..\code\NDOLoader.cpp">
      <Filter>sources\importers\ndo</Filter>
    </ClCompile>
    <ClCompile Include="..\..\code\OgreImporter.cpp">
      <Filter>sources\importers\ogre</Filter>
    </ClCompile>
    <ClCompile Include="..\..\code\OgreMaterial.cpp">
      <Filter>sources\importers\ogre</Filter>
    </ClCompile>
    <ClCompile Include="..\..\code\OgreMesh.cpp">
      <Filter>sources\importers\ogre</Filter>
    </ClCompile>
    <ClCompile Include="..\..\code\OgreSkeleton.cpp">
      <Filter>sources\importers\ogre</Filter>
    </ClCompile>
    <ClCompile Include="..\..\code\MS3DLoader.cpp">
      <Filter>sources\importers\ms3d</Filter>
    </ClCompile>
    <ClCompile Include="..\..\code\COBLoader.cpp">
      <Filter>sources\importers\cob</Filter>
    </ClCompile>
    <ClCompile Include="..\..\code\BlenderDNA.cpp">
      <Filter>sources\importers\blend</Filter>
    </ClCompile>
    <ClCompile Include="..\..\code\BlenderLoader.cpp">
      <Filter>sources\importers\blend</Filter>
    </ClCompile>
    <ClCompile Include="..\..\code\BlenderModifier.cpp">
      <Filter>sources\importers\blend</Filter>
    </ClCompile>
    <ClCompile Include="..\..\code\BlenderScene.cpp">
      <Filter>sources\importers\blend</Filter>
    </ClCompile>
    <ClCompile Include="..\..\code\Q3BSPFileImporter.cpp">
      <Filter>sources\importers\q3bsp</Filter>
    </ClCompile>
    <ClCompile Include="..\..\code\Q3BSPFileParser.cpp">
      <Filter>sources\importers\q3bsp</Filter>
    </ClCompile>
    <ClCompile Include="..\..\code\Q3BSPZipArchive.cpp">
      <Filter>sources\importers\q3bsp</Filter>
    </ClCompile>
    <ClCompile Include="..\..\code\MD2Loader.cpp">
      <Filter>sources\importers\md2</Filter>
    </ClCompile>
    <ClCompile Include="..\..\code\IFCCurve.cpp">
      <Filter>sources\importers\ifc</Filter>
    </ClCompile>
    <ClCompile Include="..\..\code\IFCGeometry.cpp">
      <Filter>sources\importers\ifc</Filter>
    </ClCompile>
    <ClCompile Include="..\..\code\IFCLoader.cpp">
      <Filter>sources\importers\ifc</Filter>
    </ClCompile>
    <ClCompile Include="..\..\code\IFCMaterial.cpp">
      <Filter>sources\importers\ifc</Filter>
    </ClCompile>
    <ClCompile Include="..\..\code\IFCProfile.cpp">
      <Filter>sources\importers\ifc</Filter>
    </ClCompile>
    <ClCompile Include="..\..\code\IFCReaderGen.cpp">
      <Filter>sources\importers\ifc</Filter>
    </ClCompile>
    <ClCompile Include="..\..\code\IFCUtil.cpp">
      <Filter>sources\importers\ifc</Filter>
    </ClCompile>
    <ClCompile Include="..\..\code\STEPFileReader.cpp">
      <Filter>sources\importers\ifc</Filter>
    </ClCompile>
    <ClCompile Include="..\..\code\M3Importer.cpp">
      <Filter>sources\importers\m3</Filter>
    </ClCompile>
    <ClCompile Include="..\..\code\XGLLoader.cpp">
      <Filter>sources\importers\xgl</Filter>
    </ClCompile>
    <ClCompile Include="..\..\code\BaseProcess.cpp">
      <Filter>sources\postprocessing</Filter>
    </ClCompile>
    <ClCompile Include="..\..\code\CalcTangentsProcess.cpp">
      <Filter>sources\postprocessing</Filter>
    </ClCompile>
    <ClCompile Include="..\..\code\ComputeUVMappingProcess.cpp">
      <Filter>sources\postprocessing</Filter>
    </ClCompile>
    <ClCompile Include="..\..\code\ConvertToLHProcess.cpp">
      <Filter>sources\postprocessing</Filter>
    </ClCompile>
    <ClCompile Include="..\..\code\DeboneProcess.cpp">
      <Filter>sources\postprocessing</Filter>
    </ClCompile>
    <ClCompile Include="..\..\code\FindDegenerates.cpp">
      <Filter>sources\postprocessing</Filter>
    </ClCompile>
    <ClCompile Include="..\..\code\FindInstancesProcess.cpp">
      <Filter>sources\postprocessing</Filter>
    </ClCompile>
    <ClCompile Include="..\..\code\FindInvalidDataProcess.cpp">
      <Filter>sources\postprocessing</Filter>
    </ClCompile>
    <ClCompile Include="..\..\code\FixNormalsStep.cpp">
      <Filter>sources\postprocessing</Filter>
    </ClCompile>
    <ClCompile Include="..\..\code\GenFaceNormalsProcess.cpp">
      <Filter>sources\postprocessing</Filter>
    </ClCompile>
    <ClCompile Include="..\..\code\GenVertexNormalsProcess.cpp">
      <Filter>sources\postprocessing</Filter>
    </ClCompile>
    <ClCompile Include="..\..\code\ImproveCacheLocality.cpp">
      <Filter>sources\postprocessing</Filter>
    </ClCompile>
    <ClCompile Include="..\..\code\JoinVerticesProcess.cpp">
      <Filter>sources\postprocessing</Filter>
    </ClCompile>
    <ClCompile Include="..\..\code\LimitBoneWeightsProcess.cpp">
      <Filter>sources\postprocessing</Filter>
    </ClCompile>
    <ClCompile Include="..\..\code\MakeVerboseFormat.cpp">
      <Filter>sources\postprocessing</Filter>
    </ClCompile>
    <ClCompile Include="..\..\code\OptimizeGraph.cpp">
      <Filter>sources\postprocessing</Filter>
    </ClCompile>
    <ClCompile Include="..\..\code\OptimizeMeshes.cpp">
      <Filter>sources\postprocessing</Filter>
    </ClCompile>
    <ClCompile Include="..\..\code\PretransformVertices.cpp">
      <Filter>sources\postprocessing</Filter>
    </ClCompile>
    <ClCompile Include="..\..\code\ProcessHelper.cpp">
      <Filter>sources\postprocessing</Filter>
    </ClCompile>
    <ClCompile Include="..\..\code\RemoveRedundantMaterials.cpp">
      <Filter>sources\postprocessing</Filter>
    </ClCompile>
    <ClCompile Include="..\..\code\RemoveVCProcess.cpp">
      <Filter>sources\postprocessing</Filter>
    </ClCompile>
    <ClCompile Include="..\..\code\SortByPTypeProcess.cpp">
      <Filter>sources\postprocessing</Filter>
    </ClCompile>
    <ClCompile Include="..\..\code\SplitByBoneCountProcess.cpp">
      <Filter>sources\postprocessing</Filter>
    </ClCompile>
    <ClCompile Include="..\..\code\SplitLargeMeshes.cpp">
      <Filter>sources\postprocessing</Filter>
    </ClCompile>
    <ClCompile Include="..\..\code\TextureTransform.cpp">
      <Filter>sources\postprocessing</Filter>
    </ClCompile>
    <ClCompile Include="..\..\code\TriangulateProcess.cpp">
      <Filter>sources\postprocessing</Filter>
    </ClCompile>
    <ClCompile Include="..\..\code\ValidateDataStructure.cpp">
      <Filter>sources\postprocessing</Filter>
    </ClCompile>
    <ClCompile Include="..\..\code\AssimpPCH.cpp">
      <Filter>sources\core</Filter>
    </ClCompile>
    <ClCompile Include="..\..\code\MaterialSystem.cpp">
      <Filter>sources\core</Filter>
    </ClCompile>
    <ClCompile Include="..\..\code\StandardShapes.cpp">
      <Filter>sources\core</Filter>
    </ClCompile>
    <ClCompile Include="..\..\code\DefaultLogger.cpp">
      <Filter>sources\logging</Filter>
    </ClCompile>
    <ClCompile Include="..\..\code\DefaultIOStream.cpp">
      <Filter>sources\filesystem</Filter>
    </ClCompile>
    <ClCompile Include="..\..\code\DefaultIOSystem.cpp">
      <Filter>sources\filesystem</Filter>
    </ClCompile>
    <ClCompile Include="..\..\code\Assimp.cpp">
      <Filter>sources\core_import</Filter>
    </ClCompile>
    <ClCompile Include="..\..\code\BaseImporter.cpp">
      <Filter>sources\core_import</Filter>
    </ClCompile>
    <ClCompile Include="..\..\code\Importer.cpp">
      <Filter>sources\core_import</Filter>
    </ClCompile>
    <ClCompile Include="..\..\code\ImporterRegistry.cpp">
      <Filter>sources\core_import</Filter>
    </ClCompile>
    <ClCompile Include="..\..\code\PostStepRegistry.cpp">
      <Filter>sources\core_import</Filter>
    </ClCompile>
    <ClCompile Include="..\..\code\RemoveComments.cpp">
      <Filter>sources\core_import</Filter>
    </ClCompile>
    <ClCompile Include="..\..\code\SceneCombiner.cpp">
      <Filter>sources\core_import</Filter>
    </ClCompile>
    <ClCompile Include="..\..\code\ScenePreprocessor.cpp">
      <Filter>sources\core_import</Filter>
    </ClCompile>
    <ClCompile Include="..\..\code\SGSpatialSort.cpp">
      <Filter>sources\core_import</Filter>
    </ClCompile>
    <ClCompile Include="..\..\code\SkeletonMeshBuilder.cpp">
      <Filter>sources\core_import</Filter>
    </ClCompile>
    <ClCompile Include="..\..\code\SpatialSort.cpp">
      <Filter>sources\core_import</Filter>
    </ClCompile>
    <ClCompile Include="..\..\code\Subdivision.cpp">
      <Filter>sources\core_import</Filter>
    </ClCompile>
    <ClCompile Include="..\..\code\TargetAnimation.cpp">
      <Filter>sources\core_import</Filter>
    </ClCompile>
    <ClCompile Include="..\..\code\VertexTriangleAdjacency.cpp">
      <Filter>sources\core_import</Filter>
    </ClCompile>
    <ClCompile Include="..\..\contrib\irrXML\irrXML.cpp">
      <Filter>sources\extern\irrXML</Filter>
    </ClCompile>
    <ClCompile Include="..\..\contrib\zlib\adler32.c">
      <Filter>sources\extern\zLib</Filter>
    </ClCompile>
    <ClCompile Include="..\..\contrib\zlib\crc32.c">
      <Filter>sources\extern\zLib</Filter>
    </ClCompile>
    <ClCompile Include="..\..\contrib\zlib\inffast.c">
      <Filter>sources\extern\zLib</Filter>
    </ClCompile>
    <ClCompile Include="..\..\contrib\zlib\inflate.c">
      <Filter>sources\extern\zLib</Filter>
    </ClCompile>
    <ClCompile Include="..\..\contrib\zlib\inftrees.c">
      <Filter>sources\extern\zLib</Filter>
    </ClCompile>
    <ClCompile Include="..\..\contrib\unzip\ioapi.c">
      <Filter>sources\extern\zLib</Filter>
    </ClCompile>
    <ClCompile Include="..\..\contrib\unzip\unzip.c">
      <Filter>sources\extern\zLib</Filter>
    </ClCompile>
    <ClCompile Include="..\..\contrib\zlib\zutil.c">
      <Filter>sources\extern\zLib</Filter>
    </ClCompile>
    <ClCompile Include="..\..\contrib\ConvertUTF\ConvertUTF.c">
      <Filter>sources\extern\ConvertUTF</Filter>
    </ClCompile>
    <ClCompile Include="..\..\contrib\poly2tri\poly2tri\sweep\advancing_front.cc">
      <Filter>sources\extern\poly2tri</Filter>
    </ClCompile>
    <ClCompile Include="..\..\contrib\poly2tri\poly2tri\sweep\cdt.cc">
      <Filter>sources\extern\poly2tri</Filter>
    </ClCompile>
    <ClCompile Include="..\..\contrib\poly2tri\poly2tri\common\shapes.cc">
      <Filter>sources\extern\poly2tri</Filter>
    </ClCompile>
    <ClCompile Include="..\..\contrib\poly2tri\poly2tri\sweep\sweep.cc">
      <Filter>sources\extern\poly2tri</Filter>
    </ClCompile>
    <ClCompile Include="..\..\contrib\poly2tri\poly2tri\sweep\sweep_context.cc">
      <Filter>sources\extern\poly2tri</Filter>
    </ClCompile>
    <ClCompile Include="..\..\contrib\clipper\clipper.cpp">
      <Filter>sources\extern\clipper</Filter>
    </ClCompile>
    <ClCompile Include="..\..\code\AssimpCExport.cpp">
      <Filter>sources\core_export</Filter>
    </ClCompile>
    <ClCompile Include="..\..\code\Exporter.cpp">
      <Filter>sources\core_export</Filter>
    </ClCompile>
    <ClCompile Include="..\..\code\ColladaExporter.cpp">
      <Filter>sources\exporters\collada</Filter>
    </ClCompile>
    <ClCompile Include="..\..\code\ObjExporter.cpp">
      <Filter>sources\exporters\obj</Filter>
    </ClCompile>
    <ClCompile Include="..\..\code\STLExporter.cpp">
      <Filter>sources\exporters\stl</Filter>
    </ClCompile>
    <ClCompile Include="..\..\code\PlyExporter.cpp">
      <Filter>sources\exporters\ply</Filter>
    </ClCompile>
  </ItemGroup>
  <ItemGroup>
    <Xml Include="..\..\doc\datastructure.xml">
      <Filter>doc</Filter>
    </Xml>
  </ItemGroup>
  <ItemGroup>
    <Text Include="..\..\doc\Preamble.txt">
      <Filter>doc</Filter>
    </Text>
  </ItemGroup>
  <ItemGroup>
    <ResourceCompile Include="..\..\code\res\assimp.rc">
      <Filter>resources</Filter>
    </ResourceCompile>
  </ItemGroup>
</Project>