<?xml version="1.0" encoding="utf-8"?>
<Project ToolsVersion="4.0" xmlns="http://schemas.microsoft.com/developer/msbuild/2003">
  <ItemGroup>
    <Filter Include="Source Files">
      <UniqueIdentifier>{4FC737F1-C7A5-4376-A066-2A32D752A2FF}</UniqueIdentifier>
      <Extensions>cpp;c;cc;cxx;def;odl;idl;hpj;bat;asm;asmx</Extensions>
    </Filter>
    <Filter Include="Header Files">
      <UniqueIdentifier>{93995380-89BD-4b04-88EB-625FBE52EBFB}</UniqueIdentifier>
      <Extensions>h;hpp;hxx;hm;inl;inc;xsd</Extensions>
    </Filter>
    <Filter Include="Resource Files">
      <UniqueIdentifier>{67DA6AB6-F800-4c08-8B7A-83BB121AAD01}</UniqueIdentifier>
      <Extensions>rc;ico;cur;bmp;dlg;rc2;rct;bin;rgs;gif;jpg;jpeg;jpe;resx;tiff;tif;png;wav;mfcribbon-ms</Extensions>
    </Filter>
    <Filter Include="Resource Files\Shaders">
      <UniqueIdentifier>{686256f3-de63-45fa-ad1c-ed8131c4d5d9}</UniqueIdentifier>
    </Filter>
  </ItemGroup>
  <ItemGroup>
    <ClInclude Include="include\DX11DepthBuffer.h">
      <Filter>Header Files</Filter>
    </ClInclude>
    <ClInclude Include="include\DX11Device.h">
      <Filter>Header Files</Filter>
    </ClInclude>
    <ClInclude Include="include\D3DX11Effect.h">
      <Filter>Header Files</Filter>
    </ClInclude>
    <ClInclude Include="include\DX11Helper.h">
      <Filter>Header Files</Filter>
    </ClInclude>
    <ClInclude Include="include\DxErr.h">
      <Filter>Header Files</Filter>
    </ClInclude>
    <ClInclude Include="include\DX11Effect.h">
      <Filter>Header Files</Filter>
    </ClInclude>
    <ClInclude Include="include\DX11InputLayout.h">
      <Filter>Header Files</Filter>
    </ClInclude>
    <ClInclude Include="include\DDSTextureLoader.h">
      <Filter>Header Files</Filter>
    </ClInclude>
    <ClInclude Include="include\DX11CommonStates.h">
      <Filter>Header Files</Filter>
    </ClInclude>
    <ClInclude Include="include\DX11Camera.h">
      <Filter>Header Files</Filter>
    </ClInclude>
    <ClInclude Include="include\DX11FontSheet.h">
      <Filter>Header Files</Filter>
    </ClInclude>
    <ClInclude Include="include\DX11SpriteBatch.h">
      <Filter>Header Files</Filter>
    </ClInclude>
    <ClInclude Include="include\DX11Profiler.h">
      <Filter>Header Files</Filter>
    </ClInclude>
    <ClInclude Include="include\DX11RenderingAPI.h">
      <Filter>Header Files</Filter>
    </ClInclude>
  </ItemGroup>
  <ItemGroup>
    <ClCompile Include="src\DX11DepthBuffer.cpp">
      <Filter>Source Files</Filter>
    </ClCompile>
    <ClCompile Include="src\DX11Device.cpp">
      <Filter>Source Files</Filter>
    </ClCompile>
    <ClCompile Include="src\DX11Effect.cpp">
      <Filter>Source Files</Filter>
    </ClCompile>
    <ClCompile Include="src\DX11InputLayout.cpp">
      <Filter>Source Files</Filter>
    </ClCompile>
    <ClCompile Include="src\DDSTextureLoader.cpp">
      <Filter>Source Files</Filter>
    </ClCompile>
    <ClCompile Include="src\DX11CommonStates.cpp">
      <Filter>Source Files</Filter>
    </ClCompile>
    <ClCompile Include="src\DX11Camera.cpp">
      <Filter>Source Files</Filter>
    </ClCompile>
    <ClCompile Include="src\DX11FontSheet.cpp">
      <Filter>Source Files</Filter>
    </ClCompile>
    <ClCompile Include="src\DX11SpriteBatch.cpp">
      <Filter>Source Files</Filter>
    </ClCompile>
    <ClCompile Include="src\DX11Profiler.cpp">
      <Filter>Source Files</Filter>
    </ClCompile>
    <ClCompile Include="src\DX11RenderingAPI.cpp">
      <Filter>Source Files</Filter>
    </ClCompile>
  </ItemGroup>
  <ItemGroup>
    <FxCompile Include="..\RamJamEngine\data\shaders\HLSL\color.fx">
      <Filter>Resource Files\Shaders</Filter>
    </FxCompile>
    <FxCompile Include="..\RamJamEngine\data\shaders\HLSL\lighting.fx">
      <Filter>Resource Files\Shaders</Filter>
    </FxCompile>
    <FxCompile Include="..\RamJamEngine\data\shaders\HLSL\lightHelper.fx">
      <Filter>Resource Files\Shaders</Filter>
    </FxCompile>
    <FxCompile Include="..\RamJamEngine\data\shaders\HLSL\basic.fx">
      <Filter>Resource Files\Shaders</Filter>
    </FxCompile>
    <FxCompile Include="..\RamJamEngine\data\shaders\HLSL\sprite.fx">
      <Filter>Resource Files\Shaders</Filter>
    </FxCompile>
  </ItemGroup>
</Project>